
Microsoft Visual Studio Solution File, Format Version 12.00
# Visual Studio Version 16
VisualStudioVersion = 16.0.31624.102
MinimumVisualStudioVersion = 10.0.40219.1
Project("{FAE04EC0-301F-11D3-BF4B-00C04F79EFBC}") = "task3", "task3\task3.csproj", "{5CBFF535-D785-403E-96ED-E857FBD82B77}"
EndProject
Global
	GlobalSection(SolutionConfigurationPlatforms) = preSolution
		Debug|Any CPU = Debug|Any CPU
		Release|Any CPU = Release|Any CPU
	EndGlobalSection
	GlobalSection(ProjectConfigurationPlatforms) = postSolution
		{5CBFF535-D785-403E-96ED-E857FBD82B77}.Debug|Any CPU.ActiveCfg = Debug|Any CPU
		{5CBFF535-D785-403E-96ED-E857FBD82B77}.Debug|Any CPU.Build.0 = Debug|Any CPU
		{5CBFF535-D785-403E-96ED-E857FBD82B77}.Release|Any CPU.ActiveCfg = Release|Any CPU
		{5CBFF535-D785-403E-96ED-E857FBD82B77}.Release|Any CPU.Build.0 = Release|Any CPU
	EndGlobalSection
	GlobalSection(SolutionProperties) = preSolution
		HideSolutionNode = FALSE
	EndGlobalSection
	GlobalSection(ExtensibilityGlobals) = postSolution
		SolutionGuid = {FDC46C15-6DB8-4458-B52D-7CCC128196A7}
	EndGlobalSection
EndGlobal
