
Microsoft Visual Studio Solution File, Format Version 12.00
# Visual Studio Version 16
VisualStudioVersion = 16.0.31624.102
MinimumVisualStudioVersion = 10.0.40219.1
Project("{FAE04EC0-301F-11D3-BF4B-00C04F79EFBC}") = "task8.4", "task8.4\task8.4.csproj", "{7EF2634B-8F42-4E5F-8623-9BC6B7F49585}"
EndProject
Global
	GlobalSection(SolutionConfigurationPlatforms) = preSolution
		Debug|Any CPU = Debug|Any CPU
		Release|Any CPU = Release|Any CPU
	EndGlobalSection
	GlobalSection(ProjectConfigurationPlatforms) = postSolution
		{7EF2634B-8F42-4E5F-8623-9BC6B7F49585}.Debug|Any CPU.ActiveCfg = Debug|Any CPU
		{7EF2634B-8F42-4E5F-8623-9BC6B7F49585}.Debug|Any CPU.Build.0 = Debug|Any CPU
		{7EF2634B-8F42-4E5F-8623-9BC6B7F49585}.Release|Any CPU.ActiveCfg = Release|Any CPU
		{7EF2634B-8F42-4E5F-8623-9BC6B7F49585}.Release|Any CPU.Build.0 = Release|Any CPU
	EndGlobalSection
	GlobalSection(SolutionProperties) = preSolution
		HideSolutionNode = FALSE
	EndGlobalSection
	GlobalSection(ExtensibilityGlobals) = postSolution
		SolutionGuid = {7EAB3E9C-E65A-42FC-ABA4-BF13FBA43BC8}
	EndGlobalSection
EndGlobal
