
Microsoft Visual Studio Solution File, Format Version 12.00
# Visual Studio Version 16
VisualStudioVersion = 16.0.31624.102
MinimumVisualStudioVersion = 10.0.40219.1
Project("{FAE04EC0-301F-11D3-BF4B-00C04F79EFBC}") = "task8.2", "task8.2\task8.2.csproj", "{BC5BB206-DB69-45D9-A642-E85A4C5D254E}"
EndProject
Global
	GlobalSection(SolutionConfigurationPlatforms) = preSolution
		Debug|Any CPU = Debug|Any CPU
		Release|Any CPU = Release|Any CPU
	EndGlobalSection
	GlobalSection(ProjectConfigurationPlatforms) = postSolution
		{BC5BB206-DB69-45D9-A642-E85A4C5D254E}.Debug|Any CPU.ActiveCfg = Debug|Any CPU
		{BC5BB206-DB69-45D9-A642-E85A4C5D254E}.Debug|Any CPU.Build.0 = Debug|Any CPU
		{BC5BB206-DB69-45D9-A642-E85A4C5D254E}.Release|Any CPU.ActiveCfg = Release|Any CPU
		{BC5BB206-DB69-45D9-A642-E85A4C5D254E}.Release|Any CPU.Build.0 = Release|Any CPU
	EndGlobalSection
	GlobalSection(SolutionProperties) = preSolution
		HideSolutionNode = FALSE
	EndGlobalSection
	GlobalSection(ExtensibilityGlobals) = postSolution
		SolutionGuid = {54101A02-25E4-46B6-A54F-3440C2C68019}
	EndGlobalSection
EndGlobal
